
Microsoft Visual Studio Solution File, Format Version 12.00
# Visual Studio 15
VisualStudioVersion = 15.0.28307.271
MinimumVisualStudioVersion = 10.0.40219.1
Project("{F184B08F-C81C-45F6-A57F-5ABD9991F28F}") = "FirstVB_Project", "FirstVB_Project\FirstVB_Project.vbproj", "{3E7286DA-28C5-4462-BCA9-3EEF32296322}"
EndProject
Global
	GlobalSection(SolutionConfigurationPlatforms) = preSolution
		Debug|Any CPU = Debug|Any CPU
		Release|Any CPU = Release|Any CPU
	EndGlobalSection
	GlobalSection(ProjectConfigurationPlatforms) = postSolution
		{3E7286DA-28C5-4462-BCA9-3EEF32296322}.Debug|Any CPU.ActiveCfg = Debug|Any CPU
		{3E7286DA-28C5-4462-BCA9-3EEF32296322}.Debug|Any CPU.Build.0 = Debug|Any CPU
		{3E7286DA-28C5-4462-BCA9-3EEF32296322}.Release|Any CPU.ActiveCfg = Release|Any CPU
		{3E7286DA-28C5-4462-BCA9-3EEF32296322}.Release|Any CPU.Build.0 = Release|Any CPU
	EndGlobalSection
	GlobalSection(SolutionProperties) = preSolution
		HideSolutionNode = FALSE
	EndGlobalSection
	GlobalSection(ExtensibilityGlobals) = postSolution
		SolutionGuid = {B4D447A5-79F7-4366-B9C0-291CAEF398DA}
	EndGlobalSection
EndGlobal
